
Microsoft Visual Studio Solution File, Format Version 12.00
# Visual Studio 15
VisualStudioVersion = 15.0.26430.12
MinimumVisualStudioVersion = 10.0.40219.1
Project("{FAE04EC0-301F-11D3-BF4B-00C04F79EFBC}") = "Net.Chdk.Detectors.Software.Product", "Net.Chdk.Detectors.Software.Product.csproj", "{18181475-991A-41F3-9BBE-F0F0916D8814}"
EndProject
Project("{D954291E-2A0B-460D-934E-DC6B0785DB48}") = "Net.Chdk.Shared", "..\..\..\Net.Chdk.Core\src\Net.Chdk.Shared\Net.Chdk.Shared.shproj", "{83C6A77C-3286-4F5F-B628-3B971097AD05}"
EndProject
Global
	GlobalSection(SharedMSBuildProjectFiles) = preSolution
		..\..\..\Net.Chdk.Core\src\Net.Chdk.Shared\Net.Chdk.Shared.projitems*{18181475-991a-41f3-9bbe-f0f0916d8814}*SharedItemsImports = 4
		..\..\..\Net.Chdk.Core\src\Net.Chdk.Shared\Net.Chdk.Shared.projitems*{83c6a77c-3286-4f5f-b628-3b971097ad05}*SharedItemsImports = 13
	EndGlobalSection
	GlobalSection(SolutionConfigurationPlatforms) = preSolution
		Debug|Any CPU = Debug|Any CPU
		Release|Any CPU = Release|Any CPU
	EndGlobalSection
	GlobalSection(ProjectConfigurationPlatforms) = postSolution
		{18181475-991A-41F3-9BBE-F0F0916D8814}.Debug|Any CPU.ActiveCfg = Debug|Any CPU
		{18181475-991A-41F3-9BBE-F0F0916D8814}.Debug|Any CPU.Build.0 = Debug|Any CPU
		{18181475-991A-41F3-9BBE-F0F0916D8814}.Release|Any CPU.ActiveCfg = Release|Any CPU
		{18181475-991A-41F3-9BBE-F0F0916D8814}.Release|Any CPU.Build.0 = Release|Any CPU
	EndGlobalSection
	GlobalSection(SolutionProperties) = preSolution
		HideSolutionNode = FALSE
	EndGlobalSection
EndGlobal
